
Microsoft Visual Studio Solution File, Format Version 12.00
# Visual Studio Version 16
VisualStudioVersion = 16.0.30804.86
MinimumVisualStudioVersion = 10.0.40219.1
Project("{FAE04EC0-301F-11D3-BF4B-00C04F79EFBC}") = "dotnetSampleApp", "dotnetSampleApp.csproj", "{D69399FF-5FD4-48FA-A8E3-561668D16279}"
EndProject
Global
	GlobalSection(SolutionConfigurationPlatforms) = preSolution
		Debug|Any CPU = Debug|Any CPU
		Release|Any CPU = Release|Any CPU
	EndGlobalSection
	GlobalSection(ProjectConfigurationPlatforms) = postSolution
		{D69399FF-5FD4-48FA-A8E3-561668D16279}.Debug|Any CPU.ActiveCfg = Debug|Any CPU
		{D69399FF-5FD4-48FA-A8E3-561668D16279}.Debug|Any CPU.Build.0 = Debug|Any CPU
		{D69399FF-5FD4-48FA-A8E3-561668D16279}.Release|Any CPU.ActiveCfg = Release|Any CPU
		{D69399FF-5FD4-48FA-A8E3-561668D16279}.Release|Any CPU.Build.0 = Release|Any CPU
	EndGlobalSection
	GlobalSection(SolutionProperties) = preSolution
		HideSolutionNode = FALSE
	EndGlobalSection
	GlobalSection(ExtensibilityGlobals) = postSolution
		SolutionGuid = {5AFB59E3-6DE4-4D0E-A7AE-0F83CD2AE0A8}
	EndGlobalSection
EndGlobal
